
Microsoft Visual Studio Solution File, Format Version 12.00
# Visual Studio Version 16
VisualStudioVersion = 16.0.30320.27
MinimumVisualStudioVersion = 10.0.40219.1
Project("{FAE04EC0-301F-11D3-BF4B-00C04F79EFBC}") = "Member3", "Member3\Member3.csproj", "{0C24D230-BA27-4AA0-B04B-CB80AB877BA4}"
EndProject
Global
	GlobalSection(SolutionConfigurationPlatforms) = preSolution
		Debug|Any CPU = Debug|Any CPU
		Release|Any CPU = Release|Any CPU
	EndGlobalSection
	GlobalSection(ProjectConfigurationPlatforms) = postSolution
		{0C24D230-BA27-4AA0-B04B-CB80AB877BA4}.Debug|Any CPU.ActiveCfg = Debug|Any CPU
		{0C24D230-BA27-4AA0-B04B-CB80AB877BA4}.Debug|Any CPU.Build.0 = Debug|Any CPU
		{0C24D230-BA27-4AA0-B04B-CB80AB877BA4}.Release|Any CPU.ActiveCfg = Release|Any CPU
		{0C24D230-BA27-4AA0-B04B-CB80AB877BA4}.Release|Any CPU.Build.0 = Release|Any CPU
	EndGlobalSection
	GlobalSection(SolutionProperties) = preSolution
		HideSolutionNode = FALSE
	EndGlobalSection
	GlobalSection(ExtensibilityGlobals) = postSolution
		SolutionGuid = {157D0390-33F2-402F-9D69-DFB15C06DF62}
	EndGlobalSection
EndGlobal
